
Microsoft Visual Studio Solution File, Format Version 12.00
Project("{FAE04EC0-301F-11D3-BF4B-00C04F79EFBC}") = "NumeralSystems.Net", "NumeralSystems.Net\NumeralSystems.Net.csproj", "{43551381-28D8-420D-B6DD-205B4FF67968}"
EndProject
Project("{FAE04EC0-301F-11D3-BF4B-00C04F79EFBC}") = "NumeralSystem.Net.NUnit", "NumeralSystem.Net.NUnit\NumeralSystem.Net.NUnit.csproj", "{53C7C998-E2B3-4C60-9480-34822AC4AF14}"
EndProject
Project("{FAE04EC0-301F-11D3-BF4B-00C04F79EFBC}") = "NumeralConverter", "NumeralConverter\NumeralConverter.csproj", "{04ED0657-9B46-486C-BA12-2F57EBA88F79}"
EndProject
Project("{2150E333-8FDC-42A3-9474-1A3956D46DE8}") = "Docs", "Docs", "{48249091-F60B-4B9B-99EE-EE0AD4D4467B}"
	ProjectSection(SolutionItems) = preProject
		..\README.md = ..\README.md
		..\.gitignore = ..\.gitignore
	EndProjectSection
EndProject
Project("{2150E333-8FDC-42A3-9474-1A3956D46DE8}") = "CI", "CI", "{2AE80B7A-EA94-4C14-8BA4-8FE6E671ADE9}"
	ProjectSection(SolutionItems) = preProject
		..\.github\workflows\dotnet.yml = ..\.github\workflows\dotnet.yml
	EndProjectSection
EndProject
Global
	GlobalSection(SolutionConfigurationPlatforms) = preSolution
		Debug|Any CPU = Debug|Any CPU
		Release|Any CPU = Release|Any CPU
	EndGlobalSection
	GlobalSection(ProjectConfigurationPlatforms) = postSolution
		{43551381-28D8-420D-B6DD-205B4FF67968}.Debug|Any CPU.ActiveCfg = Debug|Any CPU
		{43551381-28D8-420D-B6DD-205B4FF67968}.Debug|Any CPU.Build.0 = Debug|Any CPU
		{43551381-28D8-420D-B6DD-205B4FF67968}.Release|Any CPU.ActiveCfg = Release|Any CPU
		{43551381-28D8-420D-B6DD-205B4FF67968}.Release|Any CPU.Build.0 = Release|Any CPU
		{53C7C998-E2B3-4C60-9480-34822AC4AF14}.Debug|Any CPU.ActiveCfg = Debug|Any CPU
		{53C7C998-E2B3-4C60-9480-34822AC4AF14}.Debug|Any CPU.Build.0 = Debug|Any CPU
		{53C7C998-E2B3-4C60-9480-34822AC4AF14}.Release|Any CPU.ActiveCfg = Release|Any CPU
		{53C7C998-E2B3-4C60-9480-34822AC4AF14}.Release|Any CPU.Build.0 = Release|Any CPU
		{04ED0657-9B46-486C-BA12-2F57EBA88F79}.Debug|Any CPU.ActiveCfg = Debug|Any CPU
		{04ED0657-9B46-486C-BA12-2F57EBA88F79}.Debug|Any CPU.Build.0 = Debug|Any CPU
		{04ED0657-9B46-486C-BA12-2F57EBA88F79}.Release|Any CPU.ActiveCfg = Release|Any CPU
		{04ED0657-9B46-486C-BA12-2F57EBA88F79}.Release|Any CPU.Build.0 = Release|Any CPU
	EndGlobalSection
EndGlobal
